
Microsoft Visual Studio Solution File, Format Version 12.00
# Visual Studio Version 17
VisualStudioVersion = 17.6.33723.286
MinimumVisualStudioVersion = 10.0.40219.1
Project("{FAE04EC0-301F-11D3-BF4B-00C04F79EFBC}") = "FloorDisabler", "FloorDisabler\FloorDisabler.csproj", "{106B1129-4AE3-4966-81F6-B2F2D3C130EC}"
EndProject
Global
	GlobalSection(SolutionConfigurationPlatforms) = preSolution
		Debug|Any CPU = Debug|Any CPU
		Release|Any CPU = Release|Any CPU
	EndGlobalSection
	GlobalSection(ProjectConfigurationPlatforms) = postSolution
		{106B1129-4AE3-4966-81F6-B2F2D3C130EC}.Debug|Any CPU.ActiveCfg = Debug|Any CPU
		{106B1129-4AE3-4966-81F6-B2F2D3C130EC}.Debug|Any CPU.Build.0 = Debug|Any CPU
		{106B1129-4AE3-4966-81F6-B2F2D3C130EC}.Release|Any CPU.ActiveCfg = Release|Any CPU
		{106B1129-4AE3-4966-81F6-B2F2D3C130EC}.Release|Any CPU.Build.0 = Release|Any CPU
	EndGlobalSection
	GlobalSection(SolutionProperties) = preSolution
		HideSolutionNode = FALSE
	EndGlobalSection
	GlobalSection(ExtensibilityGlobals) = postSolution
		SolutionGuid = {4F650E4C-03D0-4CE1-90AE-D47C554C83CC}
	EndGlobalSection
EndGlobal
